// !$*UTF8*$!
{
	archiveVersion = 1;
	classes = {
	};
	objectVersion = 51;
	objects = {

/* Begin PBXBuildFile section */
		2304C444235E20C8006E5C33 /* RoundImageView.swift in Sources */ = {isa = PBXBuildFile; fileRef = 2304C443235E20C8006E5C33 /* RoundImageView.swift */; };
		2304C446235E276B006E5C33 /* UserServiceProtocol.swift in Sources */ = {isa = PBXBuildFile; fileRef = 2304C445235E276B006E5C33 /* UserServiceProtocol.swift */; };
		2304C448235E29BA006E5C33 /* UserService.swift in Sources */ = {isa = PBXBuildFile; fileRef = 2304C447235E29BA006E5C33 /* UserService.swift */; };
		2304C44A235E3542006E5C33 /* StorageServiceProtocol.swift in Sources */ = {isa = PBXBuildFile; fileRef = 2304C449235E3542006E5C33 /* StorageServiceProtocol.swift */; };
		2304C44C235E3592006E5C33 /* StorageService.swift in Sources */ = {isa = PBXBuildFile; fileRef = 2304C44B235E3592006E5C33 /* StorageService.swift */; };
		2304C450235E3BF2006E5C33 /* RegisterController.swift in Sources */ = {isa = PBXBuildFile; fileRef = 2304C44F235E3BF2006E5C33 /* RegisterController.swift */; };
		2304C452235E3C2A006E5C33 /* RegisterViewProtocol.swift in Sources */ = {isa = PBXBuildFile; fileRef = 2304C451235E3C2A006E5C33 /* RegisterViewProtocol.swift */; };
		2304C454235E3F27006E5C33 /* RegisterRouterProtocol.swift in Sources */ = {isa = PBXBuildFile; fileRef = 2304C453235E3F27006E5C33 /* RegisterRouterProtocol.swift */; };
		2304C456235E3F74006E5C33 /* RegisterRouter.swift in Sources */ = {isa = PBXBuildFile; fileRef = 2304C455235E3F74006E5C33 /* RegisterRouter.swift */; };
		2304C458235E3FAB006E5C33 /* RegisterPresenterProtocol.swift in Sources */ = {isa = PBXBuildFile; fileRef = 2304C457235E3FAB006E5C33 /* RegisterPresenterProtocol.swift */; };
		2304C45A235E40BE006E5C33 /* RegisterPresenter.swift in Sources */ = {isa = PBXBuildFile; fileRef = 2304C459235E40BE006E5C33 /* RegisterPresenter.swift */; };
		2304C45C235E4105006E5C33 /* RegisterInteractorProtocol.swift in Sources */ = {isa = PBXBuildFile; fileRef = 2304C45B235E4105006E5C33 /* RegisterInteractorProtocol.swift */; };
		2304C45E235E4179006E5C33 /* RegisterInteractor.swift in Sources */ = {isa = PBXBuildFile; fileRef = 2304C45D235E4179006E5C33 /* RegisterInteractor.swift */; };
		2304C460235E4BA0006E5C33 /* RegisterConfiguratorProtocol.swift in Sources */ = {isa = PBXBuildFile; fileRef = 2304C45F235E4BA0006E5C33 /* RegisterConfiguratorProtocol.swift */; };
		2304C462235E4BE3006E5C33 /* RegisterConfigurator.swift in Sources */ = {isa = PBXBuildFile; fileRef = 2304C461235E4BE3006E5C33 /* RegisterConfigurator.swift */; };
		23059B472363BD350033FC74 /* LoaderPath.swift in Sources */ = {isa = PBXBuildFile; fileRef = 23059B462363BD350033FC74 /* LoaderPath.swift */; };
		23059B4A2363BE440033FC74 /* FillableLoader.swift in Sources */ = {isa = PBXBuildFile; fileRef = 23059B492363BE440033FC74 /* FillableLoader.swift */; };
		23059B4C2363BF090033FC74 /* WavesLoader.swift in Sources */ = {isa = PBXBuildFile; fileRef = 23059B4B2363BF090033FC74 /* WavesLoader.swift */; };
		2310B3FB235299EA00CAFB75 /* LoginViewProtocol.swift in Sources */ = {isa = PBXBuildFile; fileRef = 2310B3FA235299EA00CAFB75 /* LoginViewProtocol.swift */; };
		2310B3FD23529A2700CAFB75 /* LoginPresenterProtocol.swift in Sources */ = {isa = PBXBuildFile; fileRef = 2310B3FC23529A2700CAFB75 /* LoginPresenterProtocol.swift */; };
		2310B3FF23529A5A00CAFB75 /* LoginRouterProtocol.swift in Sources */ = {isa = PBXBuildFile; fileRef = 2310B3FE23529A5A00CAFB75 /* LoginRouterProtocol.swift */; };
		2310B40123529E4100CAFB75 /* LoginPresenter.swift in Sources */ = {isa = PBXBuildFile; fileRef = 2310B40023529E4100CAFB75 /* LoginPresenter.swift */; };
		2310B4032352A0CF00CAFB75 /* LoginInteractorProtocol.swift in Sources */ = {isa = PBXBuildFile; fileRef = 2310B4022352A0CF00CAFB75 /* LoginInteractorProtocol.swift */; };
		2310B4052352A5E400CAFB75 /* PresenterStatus.swift in Sources */ = {isa = PBXBuildFile; fileRef = 2310B4042352A5E400CAFB75 /* PresenterStatus.swift */; };
		2310B4072352A81C00CAFB75 /* LoginInteractor.swift in Sources */ = {isa = PBXBuildFile; fileRef = 2310B4062352A81C00CAFB75 /* LoginInteractor.swift */; };
		2310B4092352AB7100CAFB75 /* LoginConfiguratorProtocol.swift in Sources */ = {isa = PBXBuildFile; fileRef = 2310B4082352AB7100CAFB75 /* LoginConfiguratorProtocol.swift */; };
		2310B40B2352ABC800CAFB75 /* LoginConfigurator.swift in Sources */ = {isa = PBXBuildFile; fileRef = 2310B40A2352ABC800CAFB75 /* LoginConfigurator.swift */; };
		2310B40D2352AC2E00CAFB75 /* LoginRouter.swift in Sources */ = {isa = PBXBuildFile; fileRef = 2310B40C2352AC2E00CAFB75 /* LoginRouter.swift */; };
		41F52227B9935A02E8BD682E /* Pods_PartyMaker.framework in Frameworks */ = {isa = PBXBuildFile; fileRef = EC3E9D4293DF28EE5972EF22 /* Pods_PartyMaker.framework */; };
		FE13576B235BCF26008597E4 /* GradientView.swift in Sources */ = {isa = PBXBuildFile; fileRef = FE13576A235BCF26008597E4 /* GradientView.swift */; };
		FE5F2869235BECF100F2FD1C /* CustomHoshiTextField.swift in Sources */ = {isa = PBXBuildFile; fileRef = FE5F2868235BECF100F2FD1C /* CustomHoshiTextField.swift */; };
		FE7BB060234BFF53004CF70F /* AppDelegate.swift in Sources */ = {isa = PBXBuildFile; fileRef = FE7BB05F234BFF53004CF70F /* AppDelegate.swift */; };
		FE7BB062234BFF53004CF70F /* SceneDelegate.swift in Sources */ = {isa = PBXBuildFile; fileRef = FE7BB061234BFF53004CF70F /* SceneDelegate.swift */; };
		FE7BB064234BFF53004CF70F /* LoginController.swift in Sources */ = {isa = PBXBuildFile; fileRef = FE7BB063234BFF53004CF70F /* LoginController.swift */; };
		FE7BB067234BFF53004CF70F /* Main.storyboard in Resources */ = {isa = PBXBuildFile; fileRef = FE7BB065234BFF53004CF70F /* Main.storyboard */; };
		FE7BB069234BFF55004CF70F /* Assets.xcassets in Resources */ = {isa = PBXBuildFile; fileRef = FE7BB068234BFF55004CF70F /* Assets.xcassets */; };
		FE7BB06C234BFF55004CF70F /* LaunchScreen.storyboard in Resources */ = {isa = PBXBuildFile; fileRef = FE7BB06A234BFF55004CF70F /* LaunchScreen.storyboard */; };
		FEBCC54823528F970034D1E2 /* AuthServiceProtocol.swift in Sources */ = {isa = PBXBuildFile; fileRef = FEBCC54723528F970034D1E2 /* AuthServiceProtocol.swift */; };
		FEBCC54C2352911A0034D1E2 /* AuthService.swift in Sources */ = {isa = PBXBuildFile; fileRef = FEBCC54B2352911A0034D1E2 /* AuthService.swift */; };
		FEBCC54F235292AB0034D1E2 /* AppConstant.swift in Sources */ = {isa = PBXBuildFile; fileRef = FEBCC54E235292AB0034D1E2 /* AppConstant.swift */; };
		FEBCC551235295F30034D1E2 /* ServiceError.swift in Sources */ = {isa = PBXBuildFile; fileRef = FEBCC550235295F30034D1E2 /* ServiceError.swift */; };
/* End PBXBuildFile section */

/* Begin PBXFileReference section */
		2304C443235E20C8006E5C33 /* RoundImageView.swift */ = {isa = PBXFileReference; lastKnownFileType = sourcecode.swift; path = RoundImageView.swift; sourceTree = "<group>"; };
		2304C445235E276B006E5C33 /* UserServiceProtocol.swift */ = {isa = PBXFileReference; lastKnownFileType = sourcecode.swift; path = UserServiceProtocol.swift; sourceTree = "<group>"; };
		2304C447235E29BA006E5C33 /* UserService.swift */ = {isa = PBXFileReference; lastKnownFileType = sourcecode.swift; path = UserService.swift; sourceTree = "<group>"; };
		2304C449235E3542006E5C33 /* StorageServiceProtocol.swift */ = {isa = PBXFileReference; lastKnownFileType = sourcecode.swift; path = StorageServiceProtocol.swift; sourceTree = "<group>"; };
		2304C44B235E3592006E5C33 /* StorageService.swift */ = {isa = PBXFileReference; lastKnownFileType = sourcecode.swift; path = StorageService.swift; sourceTree = "<group>"; };
		2304C44F235E3BF2006E5C33 /* RegisterController.swift */ = {isa = PBXFileReference; lastKnownFileType = sourcecode.swift; path = RegisterController.swift; sourceTree = "<group>"; };
		2304C451235E3C2A006E5C33 /* RegisterViewProtocol.swift */ = {isa = PBXFileReference; lastKnownFileType = sourcecode.swift; path = RegisterViewProtocol.swift; sourceTree = "<group>"; };
		2304C453235E3F27006E5C33 /* RegisterRouterProtocol.swift */ = {isa = PBXFileReference; lastKnownFileType = sourcecode.swift; path = RegisterRouterProtocol.swift; sourceTree = "<group>"; };
		2304C455235E3F74006E5C33 /* RegisterRouter.swift */ = {isa = PBXFileReference; lastKnownFileType = sourcecode.swift; path = RegisterRouter.swift; sourceTree = "<group>"; };
		2304C457235E3FAB006E5C33 /* RegisterPresenterProtocol.swift */ = {isa = PBXFileReference; lastKnownFileType = sourcecode.swift; path = RegisterPresenterProtocol.swift; sourceTree = "<group>"; };
		2304C459235E40BE006E5C33 /* RegisterPresenter.swift */ = {isa = PBXFileReference; lastKnownFileType = sourcecode.swift; path = RegisterPresenter.swift; sourceTree = "<group>"; };
		2304C45B235E4105006E5C33 /* RegisterInteractorProtocol.swift */ = {isa = PBXFileReference; lastKnownFileType = sourcecode.swift; path = RegisterInteractorProtocol.swift; sourceTree = "<group>"; };
		2304C45D235E4179006E5C33 /* RegisterInteractor.swift */ = {isa = PBXFileReference; lastKnownFileType = sourcecode.swift; path = RegisterInteractor.swift; sourceTree = "<group>"; };
		2304C45F235E4BA0006E5C33 /* RegisterConfiguratorProtocol.swift */ = {isa = PBXFileReference; lastKnownFileType = sourcecode.swift; path = RegisterConfiguratorProtocol.swift; sourceTree = "<group>"; };
		2304C461235E4BE3006E5C33 /* RegisterConfigurator.swift */ = {isa = PBXFileReference; lastKnownFileType = sourcecode.swift; path = RegisterConfigurator.swift; sourceTree = "<group>"; };
		23059B462363BD350033FC74 /* LoaderPath.swift */ = {isa = PBXFileReference; lastKnownFileType = sourcecode.swift; path = LoaderPath.swift; sourceTree = "<group>"; };
		23059B492363BE440033FC74 /* FillableLoader.swift */ = {isa = PBXFileReference; lastKnownFileType = sourcecode.swift; path = FillableLoader.swift; sourceTree = "<group>"; };
		23059B4B2363BF090033FC74 /* WavesLoader.swift */ = {isa = PBXFileReference; lastKnownFileType = sourcecode.swift; path = WavesLoader.swift; sourceTree = "<group>"; };
		2310B3FA235299EA00CAFB75 /* LoginViewProtocol.swift */ = {isa = PBXFileReference; lastKnownFileType = sourcecode.swift; path = LoginViewProtocol.swift; sourceTree = "<group>"; };
		2310B3FC23529A2700CAFB75 /* LoginPresenterProtocol.swift */ = {isa = PBXFileReference; lastKnownFileType = sourcecode.swift; path = LoginPresenterProtocol.swift; sourceTree = "<group>"; };
		2310B3FE23529A5A00CAFB75 /* LoginRouterProtocol.swift */ = {isa = PBXFileReference; lastKnownFileType = sourcecode.swift; path = LoginRouterProtocol.swift; sourceTree = "<group>"; };
		2310B40023529E4100CAFB75 /* LoginPresenter.swift */ = {isa = PBXFileReference; lastKnownFileType = sourcecode.swift; path = LoginPresenter.swift; sourceTree = "<group>"; };
		2310B4022352A0CF00CAFB75 /* LoginInteractorProtocol.swift */ = {isa = PBXFileReference; lastKnownFileType = sourcecode.swift; path = LoginInteractorProtocol.swift; sourceTree = "<group>"; };
		2310B4042352A5E400CAFB75 /* PresenterStatus.swift */ = {isa = PBXFileReference; lastKnownFileType = sourcecode.swift; path = PresenterStatus.swift; sourceTree = "<group>"; };
		2310B4062352A81C00CAFB75 /* LoginInteractor.swift */ = {isa = PBXFileReference; lastKnownFileType = sourcecode.swift; path = LoginInteractor.swift; sourceTree = "<group>"; };
		2310B4082352AB7100CAFB75 /* LoginConfiguratorProtocol.swift */ = {isa = PBXFileReference; lastKnownFileType = sourcecode.swift; path = LoginConfiguratorProtocol.swift; sourceTree = "<group>"; };
		2310B40A2352ABC800CAFB75 /* LoginConfigurator.swift */ = {isa = PBXFileReference; lastKnownFileType = sourcecode.swift; path = LoginConfigurator.swift; sourceTree = "<group>"; };
		2310B40C2352AC2E00CAFB75 /* LoginRouter.swift */ = {isa = PBXFileReference; lastKnownFileType = sourcecode.swift; path = LoginRouter.swift; sourceTree = "<group>"; };
		2DFFCBD30AA1B0CD95CED7AE /* Pods-PartyMaker.debug.xcconfig */ = {isa = PBXFileReference; includeInIndex = 1; lastKnownFileType = text.xcconfig; name = "Pods-PartyMaker.debug.xcconfig"; path = "Target Support Files/Pods-PartyMaker/Pods-PartyMaker.debug.xcconfig"; sourceTree = "<group>"; };
		DB0B27CA6C904C4129E8A6F2 /* Pods-PartyMaker.release.xcconfig */ = {isa = PBXFileReference; includeInIndex = 1; lastKnownFileType = text.xcconfig; name = "Pods-PartyMaker.release.xcconfig"; path = "Target Support Files/Pods-PartyMaker/Pods-PartyMaker.release.xcconfig"; sourceTree = "<group>"; };
		EC3E9D4293DF28EE5972EF22 /* Pods_PartyMaker.framework */ = {isa = PBXFileReference; explicitFileType = wrapper.framework; includeInIndex = 0; path = Pods_PartyMaker.framework; sourceTree = BUILT_PRODUCTS_DIR; };
		FE13576A235BCF26008597E4 /* GradientView.swift */ = {isa = PBXFileReference; lastKnownFileType = sourcecode.swift; path = GradientView.swift; sourceTree = "<group>"; };
		FE5F2868235BECF100F2FD1C /* CustomHoshiTextField.swift */ = {isa = PBXFileReference; lastKnownFileType = sourcecode.swift; path = CustomHoshiTextField.swift; sourceTree = "<group>"; };
		FE7BB05C234BFF53004CF70F /* PartyMaker.app */ = {isa = PBXFileReference; explicitFileType = wrapper.application; includeInIndex = 0; path = PartyMaker.app; sourceTree = BUILT_PRODUCTS_DIR; };
		FE7BB05F234BFF53004CF70F /* AppDelegate.swift */ = {isa = PBXFileReference; lastKnownFileType = sourcecode.swift; path = AppDelegate.swift; sourceTree = "<group>"; };
		FE7BB061234BFF53004CF70F /* SceneDelegate.swift */ = {isa = PBXFileReference; lastKnownFileType = sourcecode.swift; path = SceneDelegate.swift; sourceTree = "<group>"; };
		FE7BB063234BFF53004CF70F /* LoginController.swift */ = {isa = PBXFileReference; lastKnownFileType = sourcecode.swift; path = LoginController.swift; sourceTree = "<group>"; };
		FE7BB066234BFF53004CF70F /* Base */ = {isa = PBXFileReference; lastKnownFileType = file.storyboard; name = Base; path = Base.lproj/Main.storyboard; sourceTree = "<group>"; };
		FE7BB068234BFF55004CF70F /* Assets.xcassets */ = {isa = PBXFileReference; lastKnownFileType = folder.assetcatalog; path = Assets.xcassets; sourceTree = "<group>"; };
		FE7BB06B234BFF55004CF70F /* Base */ = {isa = PBXFileReference; lastKnownFileType = file.storyboard; name = Base; path = Base.lproj/LaunchScreen.storyboard; sourceTree = "<group>"; };
		FE7BB06D234BFF55004CF70F /* Info.plist */ = {isa = PBXFileReference; lastKnownFileType = text.plist.xml; path = Info.plist; sourceTree = "<group>"; };
		FEBCC54723528F970034D1E2 /* AuthServiceProtocol.swift */ = {isa = PBXFileReference; lastKnownFileType = sourcecode.swift; path = AuthServiceProtocol.swift; sourceTree = "<group>"; };
		FEBCC54B2352911A0034D1E2 /* AuthService.swift */ = {isa = PBXFileReference; lastKnownFileType = sourcecode.swift; path = AuthService.swift; sourceTree = "<group>"; };
		FEBCC54E235292AB0034D1E2 /* AppConstant.swift */ = {isa = PBXFileReference; lastKnownFileType = sourcecode.swift; path = AppConstant.swift; sourceTree = "<group>"; };
		FEBCC550235295F30034D1E2 /* ServiceError.swift */ = {isa = PBXFileReference; lastKnownFileType = sourcecode.swift; path = ServiceError.swift; sourceTree = "<group>"; };
/* End PBXFileReference section */

/* Begin PBXFrameworksBuildPhase section */
		FE7BB059234BFF53004CF70F /* Frameworks */ = {
			isa = PBXFrameworksBuildPhase;
			buildActionMask = 2147483647;
			files = (
				41F52227B9935A02E8BD682E /* Pods_PartyMaker.framework in Frameworks */,
			);
			runOnlyForDeploymentPostprocessing = 0;
		};
/* End PBXFrameworksBuildPhase section */

/* Begin PBXGroup section */
		2304C44D235E3BCA006E5C33 /* Register */ = {
			isa = PBXGroup;
			children = (
				2304C44E235E3BDC006E5C33 /* Abstract */,
				2304C44F235E3BF2006E5C33 /* RegisterController.swift */,
				2304C455235E3F74006E5C33 /* RegisterRouter.swift */,
				2304C459235E40BE006E5C33 /* RegisterPresenter.swift */,
				2304C45D235E4179006E5C33 /* RegisterInteractor.swift */,
				2304C461235E4BE3006E5C33 /* RegisterConfigurator.swift */,
			);
			path = Register;
			sourceTree = "<group>";
		};
		2304C44E235E3BDC006E5C33 /* Abstract */ = {
			isa = PBXGroup;
			children = (
				2304C451235E3C2A006E5C33 /* RegisterViewProtocol.swift */,
				2304C453235E3F27006E5C33 /* RegisterRouterProtocol.swift */,
				2304C457235E3FAB006E5C33 /* RegisterPresenterProtocol.swift */,
				2304C45B235E4105006E5C33 /* RegisterInteractorProtocol.swift */,
				2304C45F235E4BA0006E5C33 /* RegisterConfiguratorProtocol.swift */,
			);
			path = Abstract;
			sourceTree = "<group>";
		};
		23059B482363BE2C0033FC74 /* FillableLoader */ = {
			isa = PBXGroup;
			children = (
				23059B492363BE440033FC74 /* FillableLoader.swift */,
				23059B4B2363BF090033FC74 /* WavesLoader.swift */,
			);
			path = FillableLoader;
			sourceTree = "<group>";
		};
		2310B3F9235299B100CAFB75 /* Abstract */ = {
			isa = PBXGroup;
			children = (
				2310B3FA235299EA00CAFB75 /* LoginViewProtocol.swift */,
				2310B3FC23529A2700CAFB75 /* LoginPresenterProtocol.swift */,
				2310B3FE23529A5A00CAFB75 /* LoginRouterProtocol.swift */,
				2310B4022352A0CF00CAFB75 /* LoginInteractorProtocol.swift */,
				2310B4082352AB7100CAFB75 /* LoginConfiguratorProtocol.swift */,
			);
			path = Abstract;
			sourceTree = "<group>";
		};
		38BEB3DEEDD3925E50DFA184 /* Pods */ = {
			isa = PBXGroup;
			children = (
				2DFFCBD30AA1B0CD95CED7AE /* Pods-PartyMaker.debug.xcconfig */,
				DB0B27CA6C904C4129E8A6F2 /* Pods-PartyMaker.release.xcconfig */,
			);
			path = Pods;
			sourceTree = "<group>";
		};
		56B3AA81D3FAE4E1D807166C /* Frameworks */ = {
			isa = PBXGroup;
			children = (
				EC3E9D4293DF28EE5972EF22 /* Pods_PartyMaker.framework */,
			);
			name = Frameworks;
			sourceTree = "<group>";
		};
		FE13576C235BCF54008597E4 /* CustomViews */ = {
			isa = PBXGroup;
			children = (
				23059B482363BE2C0033FC74 /* FillableLoader */,
				FE5F2868235BECF100F2FD1C /* CustomHoshiTextField.swift */,
				FE13576A235BCF26008597E4 /* GradientView.swift */,
				2304C443235E20C8006E5C33 /* RoundImageView.swift */,
				23059B462363BD350033FC74 /* LoaderPath.swift */,
			);
			path = CustomViews;
			sourceTree = "<group>";
		};
		FE7BB053234BFF53004CF70F = {
			isa = PBXGroup;
			children = (
				FE7BB05E234BFF53004CF70F /* PartyMaker */,
				FE7BB05D234BFF53004CF70F /* Products */,
				38BEB3DEEDD3925E50DFA184 /* Pods */,
				56B3AA81D3FAE4E1D807166C /* Frameworks */,
			);
			sourceTree = "<group>";
		};
		FE7BB05D234BFF53004CF70F /* Products */ = {
			isa = PBXGroup;
			children = (
				FE7BB05C234BFF53004CF70F /* PartyMaker.app */,
			);
			name = Products;
			sourceTree = "<group>";
		};
		FE7BB05E234BFF53004CF70F /* PartyMaker */ = {
			isa = PBXGroup;
			children = (
				FE13576C235BCF54008597E4 /* CustomViews */,
				FEBCC54D235292500034D1E2 /* Enities */,
				FEBCC54623528F620034D1E2 /* Services */,
				FEBCC54423526F650034D1E2 /* Modules */,
				FE7BB05F234BFF53004CF70F /* AppDelegate.swift */,
				FE7BB061234BFF53004CF70F /* SceneDelegate.swift */,
				FE7BB068234BFF55004CF70F /* Assets.xcassets */,
				FE7BB065234BFF53004CF70F /* Main.storyboard */,
				FE7BB06A234BFF55004CF70F /* LaunchScreen.storyboard */,
				FE7BB06D234BFF55004CF70F /* Info.plist */,
			);
			path = PartyMaker;
			sourceTree = "<group>";
		};
		FEBCC54423526F650034D1E2 /* Modules */ = {
			isa = PBXGroup;
			children = (
				2304C44D235E3BCA006E5C33 /* Register */,
				FEBCC54523528F3B0034D1E2 /* Login */,
			);
			path = Modules;
			sourceTree = "<group>";
		};
		FEBCC54523528F3B0034D1E2 /* Login */ = {
			isa = PBXGroup;
			children = (
				2310B3F9235299B100CAFB75 /* Abstract */,
				FE7BB063234BFF53004CF70F /* LoginController.swift */,
				2310B40023529E4100CAFB75 /* LoginPresenter.swift */,
				2310B4062352A81C00CAFB75 /* LoginInteractor.swift */,
				2310B40A2352ABC800CAFB75 /* LoginConfigurator.swift */,
				2310B40C2352AC2E00CAFB75 /* LoginRouter.swift */,
			);
			path = Login;
			sourceTree = "<group>";
		};
		FEBCC54623528F620034D1E2 /* Services */ = {
			isa = PBXGroup;
			children = (
				FEBCC54A235290D30034D1E2 /* Concrete */,
				FEBCC549235290C00034D1E2 /* Abstract */,
			);
			path = Services;
			sourceTree = "<group>";
		};
		FEBCC549235290C00034D1E2 /* Abstract */ = {
			isa = PBXGroup;
			children = (
				FEBCC54723528F970034D1E2 /* AuthServiceProtocol.swift */,
				2304C445235E276B006E5C33 /* UserServiceProtocol.swift */,
				2304C449235E3542006E5C33 /* StorageServiceProtocol.swift */,
			);
			path = Abstract;
			sourceTree = "<group>";
		};
		FEBCC54A235290D30034D1E2 /* Concrete */ = {
			isa = PBXGroup;
			children = (
				FEBCC54B2352911A0034D1E2 /* AuthService.swift */,
				2304C447235E29BA006E5C33 /* UserService.swift */,
				2304C44B235E3592006E5C33 /* StorageService.swift */,
			);
			path = Concrete;
			sourceTree = "<group>";
		};
		FEBCC54D235292500034D1E2 /* Enities */ = {
			isa = PBXGroup;
			children = (
				FEBCC54E235292AB0034D1E2 /* AppConstant.swift */,
				FEBCC550235295F30034D1E2 /* ServiceError.swift */,
				2310B4042352A5E400CAFB75 /* PresenterStatus.swift */,
			);
			path = Enities;
			sourceTree = "<group>";
		};
/* End PBXGroup section */

/* Begin PBXNativeTarget section */
		FE7BB05B234BFF53004CF70F /* PartyMaker */ = {
			isa = PBXNativeTarget;
			buildConfigurationList = FE7BB070234BFF55004CF70F /* Build configuration list for PBXNativeTarget "PartyMaker" */;
			buildPhases = (
				030A4A32A669FF308A7D8189 /* [CP] Check Pods Manifest.lock */,
				FE7BB058234BFF53004CF70F /* Sources */,
				FE7BB059234BFF53004CF70F /* Frameworks */,
				FE7BB05A234BFF53004CF70F /* Resources */,
				33EEE1531C0F6677CB44E870 /* [CP] Embed Pods Frameworks */,
				DC2F475F5A27023BA5121495 /* [CP] Copy Pods Resources */,
			);
			buildRules = (
			);
			dependencies = (
			);
			name = PartyMaker;
			productName = PartyMaker;
			productReference = FE7BB05C234BFF53004CF70F /* PartyMaker.app */;
			productType = "com.apple.product-type.application";
		};
/* End PBXNativeTarget section */

/* Begin PBXProject section */
		FE7BB054234BFF53004CF70F /* Project object */ = {
			isa = PBXProject;
			attributes = {
				LastSwiftUpdateCheck = 1100;
				LastUpgradeCheck = 1100;
				ORGANIZATIONNAME = 711Development;
				TargetAttributes = {
					FE7BB05B234BFF53004CF70F = {
						CreatedOnToolsVersion = 11.0;
					};
				};
			};
			buildConfigurationList = FE7BB057234BFF53004CF70F /* Build configuration list for PBXProject "PartyMaker" */;
			compatibilityVersion = "Xcode 9.3";
			developmentRegion = en;
			hasScannedForEncodings = 0;
			knownRegions = (
				en,
				Base,
			);
			mainGroup = FE7BB053234BFF53004CF70F;
			productRefGroup = FE7BB05D234BFF53004CF70F /* Products */;
			projectDirPath = "";
			projectRoot = "";
			targets = (
				FE7BB05B234BFF53004CF70F /* PartyMaker */,
			);
		};
/* End PBXProject section */

/* Begin PBXResourcesBuildPhase section */
		FE7BB05A234BFF53004CF70F /* Resources */ = {
			isa = PBXResourcesBuildPhase;
			buildActionMask = 2147483647;
			files = (
				FE7BB06C234BFF55004CF70F /* LaunchScreen.storyboard in Resources */,
				FE7BB069234BFF55004CF70F /* Assets.xcassets in Resources */,
				FE7BB067234BFF53004CF70F /* Main.storyboard in Resources */,
			);
			runOnlyForDeploymentPostprocessing = 0;
		};
/* End PBXResourcesBuildPhase section */

/* Begin PBXShellScriptBuildPhase section */
		030A4A32A669FF308A7D8189 /* [CP] Check Pods Manifest.lock */ = {
			isa = PBXShellScriptBuildPhase;
			buildActionMask = 2147483647;
			files = (
			);
			inputFileListPaths = (
			);
			inputPaths = (
				"${PODS_PODFILE_DIR_PATH}/Podfile.lock",
				"${PODS_ROOT}/Manifest.lock",
			);
			name = "[CP] Check Pods Manifest.lock";
			outputFileListPaths = (
			);
			outputPaths = (
				"$(DERIVED_FILE_DIR)/Pods-PartyMaker-checkManifestLockResult.txt",
			);
			runOnlyForDeploymentPostprocessing = 0;
			shellPath = /bin/sh;
			shellScript = "diff \"${PODS_PODFILE_DIR_PATH}/Podfile.lock\" \"${PODS_ROOT}/Manifest.lock\" > /dev/null\nif [ $? != 0 ] ; then\n    # print error to STDERR\n    echo \"error: The sandbox is not in sync with the Podfile.lock. Run 'pod install' or update your CocoaPods installation.\" >&2\n    exit 1\nfi\n# This output is used by Xcode 'outputs' to avoid re-running this script phase.\necho \"SUCCESS\" > \"${SCRIPT_OUTPUT_FILE_0}\"\n";
			showEnvVarsInLog = 0;
		};
		33EEE1531C0F6677CB44E870 /* [CP] Embed Pods Frameworks */ = {
			isa = PBXShellScriptBuildPhase;
			buildActionMask = 2147483647;
			files = (
			);
			inputFileListPaths = (
				"${PODS_ROOT}/Target Support Files/Pods-PartyMaker/Pods-PartyMaker-frameworks-${CONFIGURATION}-input-files.xcfilelist",
			);
			name = "[CP] Embed Pods Frameworks";
			outputFileListPaths = (
				"${PODS_ROOT}/Target Support Files/Pods-PartyMaker/Pods-PartyMaker-frameworks-${CONFIGURATION}-output-files.xcfilelist",
			);
			runOnlyForDeploymentPostprocessing = 0;
			shellPath = /bin/sh;
			shellScript = "\"${PODS_ROOT}/Target Support Files/Pods-PartyMaker/Pods-PartyMaker-frameworks.sh\"\n";
			showEnvVarsInLog = 0;
		};
		DC2F475F5A27023BA5121495 /* [CP] Copy Pods Resources */ = {
			isa = PBXShellScriptBuildPhase;
			buildActionMask = 2147483647;
			files = (
			);
			inputFileListPaths = (
				"${PODS_ROOT}/Target Support Files/Pods-PartyMaker/Pods-PartyMaker-resources-${CONFIGURATION}-input-files.xcfilelist",
			);
			name = "[CP] Copy Pods Resources";
			outputFileListPaths = (
				"${PODS_ROOT}/Target Support Files/Pods-PartyMaker/Pods-PartyMaker-resources-${CONFIGURATION}-output-files.xcfilelist",
			);
			runOnlyForDeploymentPostprocessing = 0;
			shellPath = /bin/sh;
			shellScript = "\"${PODS_ROOT}/Target Support Files/Pods-PartyMaker/Pods-PartyMaker-resources.sh\"\n";
			showEnvVarsInLog = 0;
		};
/* End PBXShellScriptBuildPhase section */

/* Begin PBXSourcesBuildPhase section */
		FE7BB058234BFF53004CF70F /* Sources */ = {
			isa = PBXSourcesBuildPhase;
			buildActionMask = 2147483647;
			files = (
				FE5F2869235BECF100F2FD1C /* CustomHoshiTextField.swift in Sources */,
				2304C44A235E3542006E5C33 /* StorageServiceProtocol.swift in Sources */,
				2310B3FD23529A2700CAFB75 /* LoginPresenterProtocol.swift in Sources */,
				2310B3FB235299EA00CAFB75 /* LoginViewProtocol.swift in Sources */,
				2310B4072352A81C00CAFB75 /* LoginInteractor.swift in Sources */,
				2304C456235E3F74006E5C33 /* RegisterRouter.swift in Sources */,
				2304C454235E3F27006E5C33 /* RegisterRouterProtocol.swift in Sources */,
				2310B4032352A0CF00CAFB75 /* LoginInteractorProtocol.swift in Sources */,
				2304C444235E20C8006E5C33 /* RoundImageView.swift in Sources */,
				2304C446235E276B006E5C33 /* UserServiceProtocol.swift in Sources */,
				2310B3FF23529A5A00CAFB75 /* LoginRouterProtocol.swift in Sources */,
				FE7BB064234BFF53004CF70F /* LoginController.swift in Sources */,
				2310B40D2352AC2E00CAFB75 /* LoginRouter.swift in Sources */,
				2310B4092352AB7100CAFB75 /* LoginConfiguratorProtocol.swift in Sources */,
				FE13576B235BCF26008597E4 /* GradientView.swift in Sources */,
				2304C44C235E3592006E5C33 /* StorageService.swift in Sources */,
				2310B4052352A5E400CAFB75 /* PresenterStatus.swift in Sources */,
				2304C452235E3C2A006E5C33 /* RegisterViewProtocol.swift in Sources */,
				23059B4C2363BF090033FC74 /* WavesLoader.swift in Sources */,
				2304C45C235E4105006E5C33 /* RegisterInteractorProtocol.swift in Sources */,
				2304C45E235E4179006E5C33 /* RegisterInteractor.swift in Sources */,
				2304C450235E3BF2006E5C33 /* RegisterController.swift in Sources */,
				23059B4A2363BE440033FC74 /* FillableLoader.swift in Sources */,
				2310B40123529E4100CAFB75 /* LoginPresenter.swift in Sources */,
				FE7BB060234BFF53004CF70F /* AppDelegate.swift in Sources */,
				23059B472363BD350033FC74 /* LoaderPath.swift in Sources */,
				2304C462235E4BE3006E5C33 /* RegisterConfigurator.swift in Sources */,
				2304C460235E4BA0006E5C33 /* RegisterConfiguratorProtocol.swift in Sources */,
				FEBCC54C2352911A0034D1E2 /* AuthService.swift in Sources */,
				FEBCC54F235292AB0034D1E2 /* AppConstant.swift in Sources */,
				2304C458235E3FAB006E5C33 /* RegisterPresenterProtocol.swift in Sources */,
				FE7BB062234BFF53004CF70F /* SceneDelegate.swift in Sources */,
				2304C45A235E40BE006E5C33 /* RegisterPresenter.swift in Sources */,
				2304C448235E29BA006E5C33 /* UserService.swift in Sources */,
				FEBCC54823528F970034D1E2 /* AuthServiceProtocol.swift in Sources */,
				2310B40B2352ABC800CAFB75 /* LoginConfigurator.swift in Sources */,
				FEBCC551235295F30034D1E2 /* ServiceError.swift in Sources */,
			);
			runOnlyForDeploymentPostprocessing = 0;
		};
/* End PBXSourcesBuildPhase section */

/* Begin PBXVariantGroup section */
		FE7BB065234BFF53004CF70F /* Main.storyboard */ = {
			isa = PBXVariantGroup;
			children = (
				FE7BB066234BFF53004CF70F /* Base */,
			);
			name = Main.storyboard;
			sourceTree = "<group>";
		};
		FE7BB06A234BFF55004CF70F /* LaunchScreen.storyboard */ = {
			isa = PBXVariantGroup;
			children = (
				FE7BB06B234BFF55004CF70F /* Base */,
			);
			name = LaunchScreen.storyboard;
			sourceTree = "<group>";
		};
/* End PBXVariantGroup section */

/* Begin XCBuildConfiguration section */
		FE7BB06E234BFF55004CF70F /* Debug */ = {
			isa = XCBuildConfiguration;
			buildSettings = {
				ALWAYS_SEARCH_USER_PATHS = NO;
				CLANG_ANALYZER_NONNULL = YES;
				CLANG_ANALYZER_NUMBER_OBJECT_CONVERSION = YES_AGGRESSIVE;
				CLANG_CXX_LANGUAGE_STANDARD = "gnu++14";
				CLANG_CXX_LIBRARY = "libc++";
				CLANG_ENABLE_MODULES = YES;
				CLANG_ENABLE_OBJC_ARC = YES;
				CLANG_ENABLE_OBJC_WEAK = YES;
				CLANG_WARN_BLOCK_CAPTURE_AUTORELEASING = YES;
				CLANG_WARN_BOOL_CONVERSION = YES;
				CLANG_WARN_COMMA = YES;
				CLANG_WARN_CONSTANT_CONVERSION = YES;
				CLANG_WARN_DEPRECATED_OBJC_IMPLEMENTATIONS = YES;
				CLANG_WARN_DIRECT_OBJC_ISA_USAGE = YES_ERROR;
				CLANG_WARN_DOCUMENTATION_COMMENTS = YES;
				CLANG_WARN_EMPTY_BODY = YES;
				CLANG_WARN_ENUM_CONVERSION = YES;
				CLANG_WARN_INFINITE_RECURSION = YES;
				CLANG_WARN_INT_CONVERSION = YES;
				CLANG_WARN_NON_LITERAL_NULL_CONVERSION = YES;
				CLANG_WARN_OBJC_IMPLICIT_RETAIN_SELF = YES;
				CLANG_WARN_OBJC_LITERAL_CONVERSION = YES;
				CLANG_WARN_OBJC_ROOT_CLASS = YES_ERROR;
				CLANG_WARN_RANGE_LOOP_ANALYSIS = YES;
				CLANG_WARN_STRICT_PROTOTYPES = YES;
				CLANG_WARN_SUSPICIOUS_MOVE = YES;
				CLANG_WARN_UNGUARDED_AVAILABILITY = YES_AGGRESSIVE;
				CLANG_WARN_UNREACHABLE_CODE = YES;
				CLANG_WARN__DUPLICATE_METHOD_MATCH = YES;
				COPY_PHASE_STRIP = NO;
				DEBUG_INFORMATION_FORMAT = dwarf;
				ENABLE_STRICT_OBJC_MSGSEND = YES;
				ENABLE_TESTABILITY = YES;
				GCC_C_LANGUAGE_STANDARD = gnu11;
				GCC_DYNAMIC_NO_PIC = NO;
				GCC_NO_COMMON_BLOCKS = YES;
				GCC_OPTIMIZATION_LEVEL = 0;
				GCC_PREPROCESSOR_DEFINITIONS = (
					"DEBUG=1",
					"$(inherited)",
				);
				GCC_WARN_64_TO_32_BIT_CONVERSION = YES;
				GCC_WARN_ABOUT_RETURN_TYPE = YES_ERROR;
				GCC_WARN_UNDECLARED_SELECTOR = YES;
				GCC_WARN_UNINITIALIZED_AUTOS = YES_AGGRESSIVE;
				GCC_WARN_UNUSED_FUNCTION = YES;
				GCC_WARN_UNUSED_VARIABLE = YES;
				IPHONEOS_DEPLOYMENT_TARGET = 13.0;
				MTL_ENABLE_DEBUG_INFO = INCLUDE_SOURCE;
				MTL_FAST_MATH = YES;
				ONLY_ACTIVE_ARCH = YES;
				SDKROOT = iphoneos;
				SWIFT_ACTIVE_COMPILATION_CONDITIONS = DEBUG;
				SWIFT_OPTIMIZATION_LEVEL = "-Onone";
			};
			name = Debug;
		};
		FE7BB06F234BFF55004CF70F /* Release */ = {
			isa = XCBuildConfiguration;
			buildSettings = {
				ALWAYS_SEARCH_USER_PATHS = NO;
				CLANG_ANALYZER_NONNULL = YES;
				CLANG_ANALYZER_NUMBER_OBJECT_CONVERSION = YES_AGGRESSIVE;
				CLANG_CXX_LANGUAGE_STANDARD = "gnu++14";
				CLANG_CXX_LIBRARY = "libc++";
				CLANG_ENABLE_MODULES = YES;
				CLANG_ENABLE_OBJC_ARC = YES;
				CLANG_ENABLE_OBJC_WEAK = YES;
				CLANG_WARN_BLOCK_CAPTURE_AUTORELEASING = YES;
				CLANG_WARN_BOOL_CONVERSION = YES;
				CLANG_WARN_COMMA = YES;
				CLANG_WARN_CONSTANT_CONVERSION = YES;
				CLANG_WARN_DEPRECATED_OBJC_IMPLEMENTATIONS = YES;
				CLANG_WARN_DIRECT_OBJC_ISA_USAGE = YES_ERROR;
				CLANG_WARN_DOCUMENTATION_COMMENTS = YES;
				CLANG_WARN_EMPTY_BODY = YES;
				CLANG_WARN_ENUM_CONVERSION = YES;
				CLANG_WARN_INFINITE_RECURSION = YES;
				CLANG_WARN_INT_CONVERSION = YES;
				CLANG_WARN_NON_LITERAL_NULL_CONVERSION = YES;
				CLANG_WARN_OBJC_IMPLICIT_RETAIN_SELF = YES;
				CLANG_WARN_OBJC_LITERAL_CONVERSION = YES;
				CLANG_WARN_OBJC_ROOT_CLASS = YES_ERROR;
				CLANG_WARN_RANGE_LOOP_ANALYSIS = YES;
				CLANG_WARN_STRICT_PROTOTYPES = YES;
				CLANG_WARN_SUSPICIOUS_MOVE = YES;
				CLANG_WARN_UNGUARDED_AVAILABILITY = YES_AGGRESSIVE;
				CLANG_WARN_UNREACHABLE_CODE = YES;
				CLANG_WARN__DUPLICATE_METHOD_MATCH = YES;
				COPY_PHASE_STRIP = NO;
				DEBUG_INFORMATION_FORMAT = "dwarf-with-dsym";
				ENABLE_NS_ASSERTIONS = NO;
				ENABLE_STRICT_OBJC_MSGSEND = YES;
				GCC_C_LANGUAGE_STANDARD = gnu11;
				GCC_NO_COMMON_BLOCKS = YES;
				GCC_WARN_64_TO_32_BIT_CONVERSION = YES;
				GCC_WARN_ABOUT_RETURN_TYPE = YES_ERROR;
				GCC_WARN_UNDECLARED_SELECTOR = YES;
				GCC_WARN_UNINITIALIZED_AUTOS = YES_AGGRESSIVE;
				GCC_WARN_UNUSED_FUNCTION = YES;
				GCC_WARN_UNUSED_VARIABLE = YES;
				IPHONEOS_DEPLOYMENT_TARGET = 13.0;
				MTL_ENABLE_DEBUG_INFO = NO;
				MTL_FAST_MATH = YES;
				SDKROOT = iphoneos;
				SWIFT_COMPILATION_MODE = wholemodule;
				SWIFT_OPTIMIZATION_LEVEL = "-O";
				VALIDATE_PRODUCT = YES;
			};
			name = Release;
		};
		FE7BB071234BFF55004CF70F /* Debug */ = {
			isa = XCBuildConfiguration;
			baseConfigurationReference = 2DFFCBD30AA1B0CD95CED7AE /* Pods-PartyMaker.debug.xcconfig */;
			buildSettings = {
				ASSETCATALOG_COMPILER_APPICON_NAME = AppIcon;
				CODE_SIGN_STYLE = Automatic;
				DEVELOPMENT_TEAM = SWFK827YHT;
				INFOPLIST_FILE = PartyMaker/Info.plist;
				IPHONEOS_DEPLOYMENT_TARGET = 13.0;
				LD_RUNPATH_SEARCH_PATHS = (
					"$(inherited)",
					"@executable_path/Frameworks",
				);
				PRODUCT_BUNDLE_IDENTIFIER = com.711Development.PartyMaker;
				PRODUCT_NAME = "$(TARGET_NAME)";
				SWIFT_VERSION = 5.0;
				TARGETED_DEVICE_FAMILY = 1;
			};
			name = Debug;
		};
		FE7BB072234BFF55004CF70F /* Release */ = {
			isa = XCBuildConfiguration;
			baseConfigurationReference = DB0B27CA6C904C4129E8A6F2 /* Pods-PartyMaker.release.xcconfig */;
			buildSettings = {
				ASSETCATALOG_COMPILER_APPICON_NAME = AppIcon;
				CODE_SIGN_STYLE = Automatic;
				DEVELOPMENT_TEAM = SWFK827YHT;
				INFOPLIST_FILE = PartyMaker/Info.plist;
				IPHONEOS_DEPLOYMENT_TARGET = 13.0;
				LD_RUNPATH_SEARCH_PATHS = (
					"$(inherited)",
					"@executable_path/Frameworks",
				);
				PRODUCT_BUNDLE_IDENTIFIER = com.711Development.PartyMaker;
				PRODUCT_NAME = "$(TARGET_NAME)";
				SWIFT_VERSION = 5.0;
				TARGETED_DEVICE_FAMILY = 1;
			};
			name = Release;
		};
/* End XCBuildConfiguration section */

/* Begin XCConfigurationList section */
		FE7BB057234BFF53004CF70F /* Build configuration list for PBXProject "PartyMaker" */ = {
			isa = XCConfigurationList;
			buildConfigurations = (
				FE7BB06E234BFF55004CF70F /* Debug */,
				FE7BB06F234BFF55004CF70F /* Release */,
			);
			defaultConfigurationIsVisible = 0;
			defaultConfigurationName = Release;
		};
		FE7BB070234BFF55004CF70F /* Build configuration list for PBXNativeTarget "PartyMaker" */ = {
			isa = XCConfigurationList;
			buildConfigurations = (
				FE7BB071234BFF55004CF70F /* Debug */,
				FE7BB072234BFF55004CF70F /* Release */,
			);
			defaultConfigurationIsVisible = 0;
			defaultConfigurationName = Release;
		};
/* End XCConfigurationList section */
	};
	rootObject = FE7BB054234BFF53004CF70F /* Project object */;
}
